
Microsoft Visual Studio Solution File, Format Version 12.00
# Visual Studio Version 17
VisualStudioVersion = 17.14.36518.9 d17.14
MinimumVisualStudioVersion = 10.0.40219.1
Project("{FAE04EC0-301F-11D3-BF4B-00C04F79EFBC}") = "VibeTogether.Server", "VibeTogether.Server\VibeTogether.Server.csproj", "{3F7B7BE0-C662-4096-8219-35102C8CF255}"
EndProject
Global
	GlobalSection(SolutionConfigurationPlatforms) = preSolution
		Debug|Any CPU = Debug|Any CPU
		Release|Any CPU = Release|Any CPU
	EndGlobalSection
	GlobalSection(ProjectConfigurationPlatforms) = postSolution
		{3F7B7BE0-C662-4096-8219-35102C8CF255}.Debug|Any CPU.ActiveCfg = Debug|Any CPU
		{3F7B7BE0-C662-4096-8219-35102C8CF255}.Debug|Any CPU.Build.0 = Debug|Any CPU
		{3F7B7BE0-C662-4096-8219-35102C8CF255}.Release|Any CPU.ActiveCfg = Release|Any CPU
		{3F7B7BE0-C662-4096-8219-35102C8CF255}.Release|Any CPU.Build.0 = Release|Any CPU
	EndGlobalSection
	GlobalSection(SolutionProperties) = preSolution
		HideSolutionNode = FALSE
	EndGlobalSection
	GlobalSection(ExtensibilityGlobals) = postSolution
		SolutionGuid = {72E14917-98F6-44D0-B2EB-1A1E1B74E62B}
	EndGlobalSection
EndGlobal
