
Microsoft Visual Studio Solution File, Format Version 12.00
# Visual Studio Version 17
VisualStudioVersion = 17.14.36518.9
MinimumVisualStudioVersion = 10.0.40219.1
Project("{FAE04EC0-301F-11D3-BF4B-00C04F79EFBC}") = "VibeTogether.Server", "VibeTogether.Server\VibeTogether.Server.csproj", "{3F7B7BE0-C662-4096-8219-35102C8CF255}"
EndProject
Project("{2150E333-8FDC-42A3-9474-1A3956D46DE8}") = "Solution Items", "Solution Items", "{8EC462FD-D22E-90A8-E5CE-7E832BA40C5D}"
	ProjectSection(SolutionItems) = preProject
		.gitignore = .gitignore
		docker-compose.yml = docker-compose.yml
		README.md = README.md
	EndProjectSection
EndProject
Project("{FAE04EC0-301F-11D3-BF4B-00C04F79EFBC}") = "VibeTogether.Client", "VibeTogether.Client\VibeTogether.Client.csproj", "{ACD5C832-38C1-424D-B461-605E33530C50}"
EndProject
Global
	GlobalSection(SolutionConfigurationPlatforms) = preSolution
		Debug|Any CPU = Debug|Any CPU
		Release|Any CPU = Release|Any CPU
	EndGlobalSection
	GlobalSection(ProjectConfigurationPlatforms) = postSolution
		{3F7B7BE0-C662-4096-8219-35102C8CF255}.Debug|Any CPU.ActiveCfg = Debug|Any CPU
		{3F7B7BE0-C662-4096-8219-35102C8CF255}.Debug|Any CPU.Build.0 = Debug|Any CPU
		{3F7B7BE0-C662-4096-8219-35102C8CF255}.Release|Any CPU.ActiveCfg = Release|Any CPU
		{3F7B7BE0-C662-4096-8219-35102C8CF255}.Release|Any CPU.Build.0 = Release|Any CPU
		{ACD5C832-38C1-424D-B461-605E33530C50}.Debug|Any CPU.ActiveCfg = Debug|Any CPU
		{ACD5C832-38C1-424D-B461-605E33530C50}.Debug|Any CPU.Build.0 = Debug|Any CPU
		{ACD5C832-38C1-424D-B461-605E33530C50}.Release|Any CPU.ActiveCfg = Release|Any CPU
		{ACD5C832-38C1-424D-B461-605E33530C50}.Release|Any CPU.Build.0 = Release|Any CPU
	EndGlobalSection
	GlobalSection(SolutionProperties) = preSolution
		HideSolutionNode = FALSE
	EndGlobalSection
	GlobalSection(ExtensibilityGlobals) = postSolution
		SolutionGuid = {72E14917-98F6-44D0-B2EB-1A1E1B74E62B}
	EndGlobalSection
EndGlobal
